
Microsoft Visual Studio Solution File, Format Version 12.00
# Visual Studio Version 17
VisualStudioVersion = 17.6.33723.286
MinimumVisualStudioVersion = 10.0.40219.1
Project("{FAE04EC0-301F-11D3-BF4B-00C04F79EFBC}") = "HTDapp", "HTDapp\HTDapp.csproj", "{6697F481-9ADA-4B9D-9D2E-C78379DAB8C5}"
EndProject
Global
	GlobalSection(SolutionConfigurationPlatforms) = preSolution
		Debug|Any CPU = Debug|Any CPU
		Release|Any CPU = Release|Any CPU
	EndGlobalSection
	GlobalSection(ProjectConfigurationPlatforms) = postSolution
		{6697F481-9ADA-4B9D-9D2E-C78379DAB8C5}.Debug|Any CPU.ActiveCfg = Debug|Any CPU
		{6697F481-9ADA-4B9D-9D2E-C78379DAB8C5}.Debug|Any CPU.Build.0 = Debug|Any CPU
		{6697F481-9ADA-4B9D-9D2E-C78379DAB8C5}.Release|Any CPU.ActiveCfg = Release|Any CPU
		{6697F481-9ADA-4B9D-9D2E-C78379DAB8C5}.Release|Any CPU.Build.0 = Release|Any CPU
	EndGlobalSection
	GlobalSection(SolutionProperties) = preSolution
		HideSolutionNode = FALSE
	EndGlobalSection
	GlobalSection(ExtensibilityGlobals) = postSolution
		SolutionGuid = {96D8BC45-AD54-4A81-A94C-D8E7466C17A5}
	EndGlobalSection
EndGlobal
